
Microsoft Visual Studio Solution File, Format Version 12.00
# Visual Studio Version 17
VisualStudioVersion = 17.12.35527.113
MinimumVisualStudioVersion = 10.0.40219.1
Project("{2150E333-8FDC-42A3-9474-1A3956D46DE8}") = "Modules", "Modules", "{A7F46581-862C-4537-866C-379922CAA11A}"
EndProject
Project("{2150E333-8FDC-42A3-9474-1A3956D46DE8}") = "Api", "Api", "{B2C8C056-1060-4E3A-888D-9388F4465FA4}"
EndProject
Project("{2150E333-8FDC-42A3-9474-1A3956D46DE8}") = "SharedKernel", "SharedKernel", "{DEB2A47F-C0F1-4F5C-826F-8F60F9C00E1D}"
EndProject
Project("{2150E333-8FDC-42A3-9474-1A3956D46DE8}") = "Management", "Management", "{88DC294A-77C4-4659-A874-6616A8202D6B}"
EndProject
Project("{FAE04EC0-301F-11D3-BF4B-00C04F79EFBC}") = "Syntra.Modules.Management.Domain", "Modules\Management\Syntra.Modules.Management.Domain\Syntra.Modules.Management.Domain.csproj", "{DDBC767A-66EA-4C3A-AD1F-705FA43B4004}"
EndProject
Project("{FAE04EC0-301F-11D3-BF4B-00C04F79EFBC}") = "Syntra.SharedKernel", "SharedKernel\Syntra.SharedKernel\Syntra.SharedKernel.csproj", "{60E83EB8-BDC9-467C-8584-81FC2F33A934}"
EndProject
Project("{FAE04EC0-301F-11D3-BF4B-00C04F79EFBC}") = "Syntra.Api", "Api\Syntra.Api\Syntra.Api.csproj", "{464F819D-4C1B-40B1-9067-0BDE992183B8}"
EndProject
Global
	GlobalSection(SolutionConfigurationPlatforms) = preSolution
		Debug|Any CPU = Debug|Any CPU
		Release|Any CPU = Release|Any CPU
	EndGlobalSection
	GlobalSection(ProjectConfigurationPlatforms) = postSolution
		{DDBC767A-66EA-4C3A-AD1F-705FA43B4004}.Debug|Any CPU.ActiveCfg = Debug|Any CPU
		{DDBC767A-66EA-4C3A-AD1F-705FA43B4004}.Debug|Any CPU.Build.0 = Debug|Any CPU
		{DDBC767A-66EA-4C3A-AD1F-705FA43B4004}.Release|Any CPU.ActiveCfg = Release|Any CPU
		{DDBC767A-66EA-4C3A-AD1F-705FA43B4004}.Release|Any CPU.Build.0 = Release|Any CPU
		{60E83EB8-BDC9-467C-8584-81FC2F33A934}.Debug|Any CPU.ActiveCfg = Debug|Any CPU
		{60E83EB8-BDC9-467C-8584-81FC2F33A934}.Debug|Any CPU.Build.0 = Debug|Any CPU
		{60E83EB8-BDC9-467C-8584-81FC2F33A934}.Release|Any CPU.ActiveCfg = Release|Any CPU
		{60E83EB8-BDC9-467C-8584-81FC2F33A934}.Release|Any CPU.Build.0 = Release|Any CPU
		{464F819D-4C1B-40B1-9067-0BDE992183B8}.Debug|Any CPU.ActiveCfg = Debug|Any CPU
		{464F819D-4C1B-40B1-9067-0BDE992183B8}.Debug|Any CPU.Build.0 = Debug|Any CPU
		{464F819D-4C1B-40B1-9067-0BDE992183B8}.Release|Any CPU.ActiveCfg = Release|Any CPU
		{464F819D-4C1B-40B1-9067-0BDE992183B8}.Release|Any CPU.Build.0 = Release|Any CPU
	EndGlobalSection
	GlobalSection(SolutionProperties) = preSolution
		HideSolutionNode = FALSE
	EndGlobalSection
	GlobalSection(NestedProjects) = preSolution
		{88DC294A-77C4-4659-A874-6616A8202D6B} = {A7F46581-862C-4537-866C-379922CAA11A}
		{DDBC767A-66EA-4C3A-AD1F-705FA43B4004} = {88DC294A-77C4-4659-A874-6616A8202D6B}
		{60E83EB8-BDC9-467C-8584-81FC2F33A934} = {DEB2A47F-C0F1-4F5C-826F-8F60F9C00E1D}
		{464F819D-4C1B-40B1-9067-0BDE992183B8} = {B2C8C056-1060-4E3A-888D-9388F4465FA4}
	EndGlobalSection
EndGlobal
